// !$*UTF8*$!
{
	archiveVersion = 1;
	classes = {
	};
	objectVersion = 56;
	objects = {

/* Begin PBXBuildFile section */
		E50929502B0050BB0055C731 /* AppDelegate.swift in Sources */ = {isa = PBXBuildFile; fileRef = E509294F2B0050BB0055C731 /* AppDelegate.swift */; };
		E50929522B0050BB0055C731 /* SceneDelegate.swift in Sources */ = {isa = PBXBuildFile; fileRef = E50929512B0050BB0055C731 /* SceneDelegate.swift */; };
		E50929542B0050BB0055C731 /* ViewController.swift in Sources */ = {isa = PBXBuildFile; fileRef = E50929532B0050BB0055C731 /* ViewController.swift */; };
		E50929572B0050BB0055C731 /* Main.storyboard in Resources */ = {isa = PBXBuildFile; fileRef = E50929552B0050BB0055C731 /* Main.storyboard */; };
		E50929592B0050BD0055C731 /* Assets.xcassets in Resources */ = {isa = PBXBuildFile; fileRef = E50929582B0050BD0055C731 /* Assets.xcassets */; };
		E509295C2B0050BD0055C731 /* LaunchScreen.storyboard in Resources */ = {isa = PBXBuildFile; fileRef = E509295A2B0050BD0055C731 /* LaunchScreen.storyboard */; };
		E50929662B01B43E0055C731 /* MsgCell.swift in Sources */ = {isa = PBXBuildFile; fileRef = E50929652B01B43E0055C731 /* MsgCell.swift */; };
		E50929682B01FAB30055C731 /* DetailMsg.swift in Sources */ = {isa = PBXBuildFile; fileRef = E50929672B01FAB30055C731 /* DetailMsg.swift */; };
		E509296A2B02D9D80055C731 /* GoogleService-Info.plist in Resources */ = {isa = PBXBuildFile; fileRef = E50929692B02D9D80055C731 /* GoogleService-Info.plist */; };
		E509296D2B02DA830055C731 /* FirebaseAuth in Frameworks */ = {isa = PBXBuildFile; productRef = E509296C2B02DA830055C731 /* FirebaseAuth */; };
		E509296F2B02E2550055C731 /* LoginController.swift in Sources */ = {isa = PBXBuildFile; fileRef = E509296E2B02E2550055C731 /* LoginController.swift */; };
		E50929712B0433EE0055C731 /* SearchController.swift in Sources */ = {isa = PBXBuildFile; fileRef = E50929702B0433EE0055C731 /* SearchController.swift */; };
		E5C5B89A2B0877B700248117 /* MsgData.swift in Sources */ = {isa = PBXBuildFile; fileRef = E5C5B8992B0877B700248117 /* MsgData.swift */; };
		E5E36C9F2B0DBB8F0076893B /* MessageTableViewCell.swift in Sources */ = {isa = PBXBuildFile; fileRef = E5E36C9E2B0DBB8F0076893B /* MessageTableViewCell.swift */; };
/* End PBXBuildFile section */

/* Begin PBXFileReference section */
		E509294C2B0050BB0055C731 /* SecretBox.app */ = {isa = PBXFileReference; explicitFileType = wrapper.application; includeInIndex = 0; path = SecretBox.app; sourceTree = BUILT_PRODUCTS_DIR; };
		E509294F2B0050BB0055C731 /* AppDelegate.swift */ = {isa = PBXFileReference; lastKnownFileType = sourcecode.swift; path = AppDelegate.swift; sourceTree = "<group>"; };
		E50929512B0050BB0055C731 /* SceneDelegate.swift */ = {isa = PBXFileReference; lastKnownFileType = sourcecode.swift; path = SceneDelegate.swift; sourceTree = "<group>"; };
		E50929532B0050BB0055C731 /* ViewController.swift */ = {isa = PBXFileReference; lastKnownFileType = sourcecode.swift; path = ViewController.swift; sourceTree = "<group>"; };
		E50929562B0050BB0055C731 /* Base */ = {isa = PBXFileReference; lastKnownFileType = file.storyboard; name = Base; path = Base.lproj/Main.storyboard; sourceTree = "<group>"; };
		E50929582B0050BD0055C731 /* Assets.xcassets */ = {isa = PBXFileReference; lastKnownFileType = folder.assetcatalog; path = Assets.xcassets; sourceTree = "<group>"; };
		E509295B2B0050BD0055C731 /* Base */ = {isa = PBXFileReference; lastKnownFileType = file.storyboard; name = Base; path = Base.lproj/LaunchScreen.storyboard; sourceTree = "<group>"; };
		E509295D2B0050BD0055C731 /* Info.plist */ = {isa = PBXFileReference; lastKnownFileType = text.plist.xml; path = Info.plist; sourceTree = "<group>"; };
		E50929652B01B43E0055C731 /* MsgCell.swift */ = {isa = PBXFileReference; lastKnownFileType = sourcecode.swift; path = MsgCell.swift; sourceTree = "<group>"; };
		E50929672B01FAB30055C731 /* DetailMsg.swift */ = {isa = PBXFileReference; lastKnownFileType = sourcecode.swift; path = DetailMsg.swift; sourceTree = "<group>"; };
		E50929692B02D9D80055C731 /* GoogleService-Info.plist */ = {isa = PBXFileReference; fileEncoding = 4; lastKnownFileType = text.plist.xml; name = "GoogleService-Info.plist"; path = "../../../../../Downloads/GoogleService-Info.plist"; sourceTree = "<group>"; };
		E509296E2B02E2550055C731 /* LoginController.swift */ = {isa = PBXFileReference; lastKnownFileType = sourcecode.swift; path = LoginController.swift; sourceTree = "<group>"; };
		E50929702B0433EE0055C731 /* SearchController.swift */ = {isa = PBXFileReference; lastKnownFileType = sourcecode.swift; path = SearchController.swift; sourceTree = "<group>"; };
		E5C5B8992B0877B700248117 /* MsgData.swift */ = {isa = PBXFileReference; lastKnownFileType = sourcecode.swift; path = MsgData.swift; sourceTree = "<group>"; };
		E5E36C9E2B0DBB8F0076893B /* MessageTableViewCell.swift */ = {isa = PBXFileReference; lastKnownFileType = sourcecode.swift; path = MessageTableViewCell.swift; sourceTree = "<group>"; };
/* End PBXFileReference section */

/* Begin PBXFrameworksBuildPhase section */
		E50929492B0050BB0055C731 /* Frameworks */ = {
			isa = PBXFrameworksBuildPhase;
			buildActionMask = 2147483647;
			files = (
				E509296D2B02DA830055C731 /* FirebaseAuth in Frameworks */,
			);
			runOnlyForDeploymentPostprocessing = 0;
		};
/* End PBXFrameworksBuildPhase section */

/* Begin PBXGroup section */
		E50929432B0050BB0055C731 = {
			isa = PBXGroup;
			children = (
				E509294E2B0050BB0055C731 /* SecretBox */,
				E509294D2B0050BB0055C731 /* Products */,
			);
			sourceTree = "<group>";
		};
		E509294D2B0050BB0055C731 /* Products */ = {
			isa = PBXGroup;
			children = (
				E509294C2B0050BB0055C731 /* SecretBox.app */,
			);
			name = Products;
			sourceTree = "<group>";
		};
		E509294E2B0050BB0055C731 /* SecretBox */ = {
			isa = PBXGroup;
			children = (
				E509294F2B0050BB0055C731 /* AppDelegate.swift */,
				E50929512B0050BB0055C731 /* SceneDelegate.swift */,
				E50929532B0050BB0055C731 /* ViewController.swift */,
				E50929672B01FAB30055C731 /* DetailMsg.swift */,
				E50929652B01B43E0055C731 /* MsgCell.swift */,
				E50929552B0050BB0055C731 /* Main.storyboard */,
				E5E36C9E2B0DBB8F0076893B /* MessageTableViewCell.swift */,
				E5C5B8992B0877B700248117 /* MsgData.swift */,
				E50929702B0433EE0055C731 /* SearchController.swift */,
				E509296E2B02E2550055C731 /* LoginController.swift */,
				E50929582B0050BD0055C731 /* Assets.xcassets */,
				E509295A2B0050BD0055C731 /* LaunchScreen.storyboard */,
				E509295D2B0050BD0055C731 /* Info.plist */,
				E50929692B02D9D80055C731 /* GoogleService-Info.plist */,
			);
			path = SecretBox;
			sourceTree = "<group>";
		};
/* End PBXGroup section */

/* Begin PBXNativeTarget section */
		E509294B2B0050BB0055C731 /* SecretBox */ = {
			isa = PBXNativeTarget;
			buildConfigurationList = E50929602B0050BD0055C731 /* Build configuration list for PBXNativeTarget "SecretBox" */;
			buildPhases = (
				E50929482B0050BB0055C731 /* Sources */,
				E50929492B0050BB0055C731 /* Frameworks */,
				E509294A2B0050BB0055C731 /* Resources */,
			);
			buildRules = (
			);
			dependencies = (
			);
			name = SecretBox;
			packageProductDependencies = (
				E509296C2B02DA830055C731 /* FirebaseAuth */,
			);
			productName = SecretBox;
			productReference = E509294C2B0050BB0055C731 /* SecretBox.app */;
			productType = "com.apple.product-type.application";
		};
/* End PBXNativeTarget section */

/* Begin PBXProject section */
		E50929442B0050BB0055C731 /* Project object */ = {
			isa = PBXProject;
			attributes = {
				BuildIndependentTargetsInParallel = 1;
				LastSwiftUpdateCheck = 1430;
				LastUpgradeCheck = 1430;
				TargetAttributes = {
					E509294B2B0050BB0055C731 = {
						CreatedOnToolsVersion = 14.3.1;
					};
				};
			};
			buildConfigurationList = E50929472B0050BB0055C731 /* Build configuration list for PBXProject "SecretBox" */;
			compatibilityVersion = "Xcode 14.0";
			developmentRegion = en;
			hasScannedForEncodings = 0;
			knownRegions = (
				en,
				Base,
			);
			mainGroup = E50929432B0050BB0055C731;
			packageReferences = (
				E509296B2B02DA830055C731 /* XCRemoteSwiftPackageReference "firebase-ios-sdk" */,
			);
			productRefGroup = E509294D2B0050BB0055C731 /* Products */;
			projectDirPath = "";
			projectRoot = "";
			targets = (
				E509294B2B0050BB0055C731 /* SecretBox */,
			);
		};
/* End PBXProject section */

/* Begin PBXResourcesBuildPhase section */
		E509294A2B0050BB0055C731 /* Resources */ = {
			isa = PBXResourcesBuildPhase;
			buildActionMask = 2147483647;
			files = (
				E509295C2B0050BD0055C731 /* LaunchScreen.storyboard in Resources */,
				E509296A2B02D9D80055C731 /* GoogleService-Info.plist in Resources */,
				E50929592B0050BD0055C731 /* Assets.xcassets in Resources */,
				E50929572B0050BB0055C731 /* Main.storyboard in Resources */,
			);
			runOnlyForDeploymentPostprocessing = 0;
		};
/* End PBXResourcesBuildPhase section */

/* Begin PBXSourcesBuildPhase section */
		E50929482B0050BB0055C731 /* Sources */ = {
			isa = PBXSourcesBuildPhase;
			buildActionMask = 2147483647;
			files = (
				E50929542B0050BB0055C731 /* ViewController.swift in Sources */,
				E5C5B89A2B0877B700248117 /* MsgData.swift in Sources */,
				E5E36C9F2B0DBB8F0076893B /* MessageTableViewCell.swift in Sources */,
				E509296F2B02E2550055C731 /* LoginController.swift in Sources */,
				E50929682B01FAB30055C731 /* DetailMsg.swift in Sources */,
				E50929712B0433EE0055C731 /* SearchController.swift in Sources */,
				E50929502B0050BB0055C731 /* AppDelegate.swift in Sources */,
				E50929522B0050BB0055C731 /* SceneDelegate.swift in Sources */,
				E50929662B01B43E0055C731 /* MsgCell.swift in Sources */,
			);
			runOnlyForDeploymentPostprocessing = 0;
		};
/* End PBXSourcesBuildPhase section */

/* Begin PBXVariantGroup section */
		E50929552B0050BB0055C731 /* Main.storyboard */ = {
			isa = PBXVariantGroup;
			children = (
				E50929562B0050BB0055C731 /* Base */,
			);
			name = Main.storyboard;
			sourceTree = "<group>";
		};
		E509295A2B0050BD0055C731 /* LaunchScreen.storyboard */ = {
			isa = PBXVariantGroup;
			children = (
				E509295B2B0050BD0055C731 /* Base */,
			);
			name = LaunchScreen.storyboard;
			sourceTree = "<group>";
		};
/* End PBXVariantGroup section */

/* Begin XCBuildConfiguration section */
		E509295E2B0050BD0055C731 /* Debug */ = {
			isa = XCBuildConfiguration;
			buildSettings = {
				ALWAYS_SEARCH_USER_PATHS = NO;
				CLANG_ANALYZER_NONNULL = YES;
				CLANG_ANALYZER_NUMBER_OBJECT_CONVERSION = YES_AGGRESSIVE;
				CLANG_CXX_LANGUAGE_STANDARD = "gnu++20";
				CLANG_ENABLE_MODULES = YES;
				CLANG_ENABLE_OBJC_ARC = YES;
				CLANG_ENABLE_OBJC_WEAK = YES;
				CLANG_WARN_BLOCK_CAPTURE_AUTORELEASING = YES;
				CLANG_WARN_BOOL_CONVERSION = YES;
				CLANG_WARN_COMMA = YES;
				CLANG_WARN_CONSTANT_CONVERSION = YES;
				CLANG_WARN_DEPRECATED_OBJC_IMPLEMENTATIONS = YES;
				CLANG_WARN_DIRECT_OBJC_ISA_USAGE = YES_ERROR;
				CLANG_WARN_DOCUMENTATION_COMMENTS = YES;
				CLANG_WARN_EMPTY_BODY = YES;
				CLANG_WARN_ENUM_CONVERSION = YES;
				CLANG_WARN_INFINITE_RECURSION = YES;
				CLANG_WARN_INT_CONVERSION = YES;
				CLANG_WARN_NON_LITERAL_NULL_CONVERSION = YES;
				CLANG_WARN_OBJC_IMPLICIT_RETAIN_SELF = YES;
				CLANG_WARN_OBJC_LITERAL_CONVERSION = YES;
				CLANG_WARN_OBJC_ROOT_CLASS = YES_ERROR;
				CLANG_WARN_QUOTED_INCLUDE_IN_FRAMEWORK_HEADER = YES;
				CLANG_WARN_RANGE_LOOP_ANALYSIS = YES;
				CLANG_WARN_STRICT_PROTOTYPES = YES;
				CLANG_WARN_SUSPICIOUS_MOVE = YES;
				CLANG_WARN_UNGUARDED_AVAILABILITY = YES_AGGRESSIVE;
				CLANG_WARN_UNREACHABLE_CODE = YES;
				CLANG_WARN__DUPLICATE_METHOD_MATCH = YES;
				COPY_PHASE_STRIP = NO;
				DEBUG_INFORMATION_FORMAT = dwarf;
				ENABLE_STRICT_OBJC_MSGSEND = YES;
				ENABLE_TESTABILITY = YES;
				GCC_C_LANGUAGE_STANDARD = gnu11;
				GCC_DYNAMIC_NO_PIC = NO;
				GCC_NO_COMMON_BLOCKS = YES;
				GCC_OPTIMIZATION_LEVEL = 0;
				GCC_PREPROCESSOR_DEFINITIONS = (
					"DEBUG=1",
					"$(inherited)",
				);
				GCC_WARN_64_TO_32_BIT_CONVERSION = YES;
				GCC_WARN_ABOUT_RETURN_TYPE = YES_ERROR;
				GCC_WARN_UNDECLARED_SELECTOR = YES;
				GCC_WARN_UNINITIALIZED_AUTOS = YES_AGGRESSIVE;
				GCC_WARN_UNUSED_FUNCTION = YES;
				GCC_WARN_UNUSED_VARIABLE = YES;
				IPHONEOS_DEPLOYMENT_TARGET = 16.4;
				MTL_ENABLE_DEBUG_INFO = INCLUDE_SOURCE;
				MTL_FAST_MATH = YES;
				ONLY_ACTIVE_ARCH = YES;
				SDKROOT = iphoneos;
				SWIFT_ACTIVE_COMPILATION_CONDITIONS = DEBUG;
				SWIFT_OPTIMIZATION_LEVEL = "-Onone";
			};
			name = Debug;
		};
		E509295F2B0050BD0055C731 /* Release */ = {
			isa = XCBuildConfiguration;
			buildSettings = {
				ALWAYS_SEARCH_USER_PATHS = NO;
				CLANG_ANALYZER_NONNULL = YES;
				CLANG_ANALYZER_NUMBER_OBJECT_CONVERSION = YES_AGGRESSIVE;
				CLANG_CXX_LANGUAGE_STANDARD = "gnu++20";
				CLANG_ENABLE_MODULES = YES;
				CLANG_ENABLE_OBJC_ARC = YES;
				CLANG_ENABLE_OBJC_WEAK = YES;
				CLANG_WARN_BLOCK_CAPTURE_AUTORELEASING = YES;
				CLANG_WARN_BOOL_CONVERSION = YES;
				CLANG_WARN_COMMA = YES;
				CLANG_WARN_CONSTANT_CONVERSION = YES;
				CLANG_WARN_DEPRECATED_OBJC_IMPLEMENTATIONS = YES;
				CLANG_WARN_DIRECT_OBJC_ISA_USAGE = YES_ERROR;
				CLANG_WARN_DOCUMENTATION_COMMENTS = YES;
				CLANG_WARN_EMPTY_BODY = YES;
				CLANG_WARN_ENUM_CONVERSION = YES;
				CLANG_WARN_INFINITE_RECURSION = YES;
				CLANG_WARN_INT_CONVERSION = YES;
				CLANG_WARN_NON_LITERAL_NULL_CONVERSION = YES;
				CLANG_WARN_OBJC_IMPLICIT_RETAIN_SELF = YES;
				CLANG_WARN_OBJC_LITERAL_CONVERSION = YES;
				CLANG_WARN_OBJC_ROOT_CLASS = YES_ERROR;
				CLANG_WARN_QUOTED_INCLUDE_IN_FRAMEWORK_HEADER = YES;
				CLANG_WARN_RANGE_LOOP_ANALYSIS = YES;
				CLANG_WARN_STRICT_PROTOTYPES = YES;
				CLANG_WARN_SUSPICIOUS_MOVE = YES;
				CLANG_WARN_UNGUARDED_AVAILABILITY = YES_AGGRESSIVE;
				CLANG_WARN_UNREACHABLE_CODE = YES;
				CLANG_WARN__DUPLICATE_METHOD_MATCH = YES;
				COPY_PHASE_STRIP = NO;
				DEBUG_INFORMATION_FORMAT = "dwarf-with-dsym";
				ENABLE_NS_ASSERTIONS = NO;
				ENABLE_STRICT_OBJC_MSGSEND = YES;
				GCC_C_LANGUAGE_STANDARD = gnu11;
				GCC_NO_COMMON_BLOCKS = YES;
				GCC_WARN_64_TO_32_BIT_CONVERSION = YES;
				GCC_WARN_ABOUT_RETURN_TYPE = YES_ERROR;
				GCC_WARN_UNDECLARED_SELECTOR = YES;
				GCC_WARN_UNINITIALIZED_AUTOS = YES_AGGRESSIVE;
				GCC_WARN_UNUSED_FUNCTION = YES;
				GCC_WARN_UNUSED_VARIABLE = YES;
				IPHONEOS_DEPLOYMENT_TARGET = 16.4;
				MTL_ENABLE_DEBUG_INFO = NO;
				MTL_FAST_MATH = YES;
				SDKROOT = iphoneos;
				SWIFT_COMPILATION_MODE = wholemodule;
				SWIFT_OPTIMIZATION_LEVEL = "-O";
				VALIDATE_PRODUCT = YES;
			};
			name = Release;
		};
		E50929612B0050BD0055C731 /* Debug */ = {
			isa = XCBuildConfiguration;
			buildSettings = {
				ASSETCATALOG_COMPILER_APPICON_NAME = AppIcon;
				ASSETCATALOG_COMPILER_GLOBAL_ACCENT_COLOR_NAME = AccentColor;
				CODE_SIGN_STYLE = Automatic;
				CURRENT_PROJECT_VERSION = 1;
				GENERATE_INFOPLIST_FILE = YES;
				INFOPLIST_FILE = SecretBox/Info.plist;
				INFOPLIST_KEY_UIApplicationSupportsIndirectInputEvents = YES;
				INFOPLIST_KEY_UILaunchStoryboardName = LaunchScreen;
				INFOPLIST_KEY_UIMainStoryboardFile = Main;
				INFOPLIST_KEY_UISupportedInterfaceOrientations_iPad = "UIInterfaceOrientationPortrait UIInterfaceOrientationPortraitUpsideDown UIInterfaceOrientationLandscapeLeft UIInterfaceOrientationLandscapeRight";
				INFOPLIST_KEY_UISupportedInterfaceOrientations_iPhone = "UIInterfaceOrientationPortrait UIInterfaceOrientationLandscapeLeft UIInterfaceOrientationLandscapeRight";
				LD_RUNPATH_SEARCH_PATHS = (
					"$(inherited)",
					"@executable_path/Frameworks",
				);
				MARKETING_VERSION = 1.0;
				PRODUCT_BUNDLE_IDENTIFIER = "destop-Swift-SecretBox.SecretBox";
				PRODUCT_NAME = "$(TARGET_NAME)";
				SWIFT_EMIT_LOC_STRINGS = YES;
				SWIFT_VERSION = 5.0;
				TARGETED_DEVICE_FAMILY = "1,2";
			};
			name = Debug;
		};
		E50929622B0050BD0055C731 /* Release */ = {
			isa = XCBuildConfiguration;
			buildSettings = {
				ASSETCATALOG_COMPILER_APPICON_NAME = AppIcon;
				ASSETCATALOG_COMPILER_GLOBAL_ACCENT_COLOR_NAME = AccentColor;
				CODE_SIGN_STYLE = Automatic;
				CURRENT_PROJECT_VERSION = 1;
				GENERATE_INFOPLIST_FILE = YES;
				INFOPLIST_FILE = SecretBox/Info.plist;
				INFOPLIST_KEY_UIApplicationSupportsIndirectInputEvents = YES;
				INFOPLIST_KEY_UILaunchStoryboardName = LaunchScreen;
				INFOPLIST_KEY_UIMainStoryboardFile = Main;
				INFOPLIST_KEY_UISupportedInterfaceOrientations_iPad = "UIInterfaceOrientationPortrait UIInterfaceOrientationPortraitUpsideDown UIInterfaceOrientationLandscapeLeft UIInterfaceOrientationLandscapeRight";
				INFOPLIST_KEY_UISupportedInterfaceOrientations_iPhone = "UIInterfaceOrientationPortrait UIInterfaceOrientationLandscapeLeft UIInterfaceOrientationLandscapeRight";
				LD_RUNPATH_SEARCH_PATHS = (
					"$(inherited)",
					"@executable_path/Frameworks",
				);
				MARKETING_VERSION = 1.0;
				PRODUCT_BUNDLE_IDENTIFIER = "destop-Swift-SecretBox.SecretBox";
				PRODUCT_NAME = "$(TARGET_NAME)";
				SWIFT_EMIT_LOC_STRINGS = YES;
				SWIFT_VERSION = 5.0;
				TARGETED_DEVICE_FAMILY = "1,2";
			};
			name = Release;
		};
/* End XCBuildConfiguration section */

/* Begin XCConfigurationList section */
		E50929472B0050BB0055C731 /* Build configuration list for PBXProject "SecretBox" */ = {
			isa = XCConfigurationList;
			buildConfigurations = (
				E509295E2B0050BD0055C731 /* Debug */,
				E509295F2B0050BD0055C731 /* Release */,
			);
			defaultConfigurationIsVisible = 0;
			defaultConfigurationName = Release;
		};
		E50929602B0050BD0055C731 /* Build configuration list for PBXNativeTarget "SecretBox" */ = {
			isa = XCConfigurationList;
			buildConfigurations = (
				E50929612B0050BD0055C731 /* Debug */,
				E50929622B0050BD0055C731 /* Release */,
			);
			defaultConfigurationIsVisible = 0;
			defaultConfigurationName = Release;
		};
/* End XCConfigurationList section */

/* Begin XCRemoteSwiftPackageReference section */
		E509296B2B02DA830055C731 /* XCRemoteSwiftPackageReference "firebase-ios-sdk" */ = {
			isa = XCRemoteSwiftPackageReference;
			repositoryURL = "https://github.com/firebase/firebase-ios-sdk";
			requirement = {
				kind = upToNextMajorVersion;
				minimumVersion = 10.0.0;
			};
		};
/* End XCRemoteSwiftPackageReference section */

/* Begin XCSwiftPackageProductDependency section */
		E509296C2B02DA830055C731 /* FirebaseAuth */ = {
			isa = XCSwiftPackageProductDependency;
			package = E509296B2B02DA830055C731 /* XCRemoteSwiftPackageReference "firebase-ios-sdk" */;
			productName = FirebaseAuth;
		};
/* End XCSwiftPackageProductDependency section */
	};
	rootObject = E50929442B0050BB0055C731 /* Project object */;
}
